Microsoft Visual Studio Solution File, Format Version 12.00
# Visual Studio Version 17
VisualStudioVersion = 17.5.2.0
MinimumVisualStudioVersion = 10.0.40219.1
Project("{FAE04EC0-301F-11D3-BF4B-00C04F79EFBC}") = "EstacionamientoSistemas", "EstacionamientoSistemas.csproj", "{639A45BE-F206-5B22-3BA1-775805E97F99}"
EndProject
Global
	GlobalSection(SolutionConfigurationPlatforms) = preSolution
		Debug|Any CPU = Debug|Any CPU
		Release|Any CPU = Release|Any CPU
	EndGlobalSection
	GlobalSection(ProjectConfigurationPlatforms) = postSolution
		{639A45BE-F206-5B22-3BA1-775805E97F99}.Debug|Any CPU.ActiveCfg = Debug|Any CPU
		{639A45BE-F206-5B22-3BA1-775805E97F99}.Debug|Any CPU.Build.0 = Debug|Any CPU
		{639A45BE-F206-5B22-3BA1-775805E97F99}.Release|Any CPU.ActiveCfg = Release|Any CPU
		{639A45BE-F206-5B22-3BA1-775805E97F99}.Release|Any CPU.Build.0 = Release|Any CPU
	EndGlobalSection
	GlobalSection(SolutionProperties) = preSolution
		HideSolutionNode = FALSE
	EndGlobalSection
	GlobalSection(ExtensibilityGlobals) = postSolution
		SolutionGuid = {47E68DFA-843E-48A2-BFF9-8FF38AB82E1B}
	EndGlobalSection
EndGlobal
